
Microsoft Visual Studio Solution File, Format Version 12.00
# Visual Studio Version 16
VisualStudioVersion = 16.0.31729.503
MinimumVisualStudioVersion = 10.0.40219.1
Project("{FAE04EC0-301F-11D3-BF4B-00C04F79EFBC}") = "Chiticariu_Ramona_Lab2", "Chiticariu_Ramona_Lab2.csproj", "{F77AC32F-EF6F-4B70-BF3F-0EECE622F06A}"
EndProject
Global
	GlobalSection(SolutionConfigurationPlatforms) = preSolution
		Debug|Any CPU = Debug|Any CPU
		Release|Any CPU = Release|Any CPU
	EndGlobalSection
	GlobalSection(ProjectConfigurationPlatforms) = postSolution
		{F77AC32F-EF6F-4B70-BF3F-0EECE622F06A}.Debug|Any CPU.ActiveCfg = Debug|Any CPU
		{F77AC32F-EF6F-4B70-BF3F-0EECE622F06A}.Debug|Any CPU.Build.0 = Debug|Any CPU
		{F77AC32F-EF6F-4B70-BF3F-0EECE622F06A}.Release|Any CPU.ActiveCfg = Release|Any CPU
		{F77AC32F-EF6F-4B70-BF3F-0EECE622F06A}.Release|Any CPU.Build.0 = Release|Any CPU
	EndGlobalSection
	GlobalSection(SolutionProperties) = preSolution
		HideSolutionNode = FALSE
	EndGlobalSection
	GlobalSection(ExtensibilityGlobals) = postSolution
		SolutionGuid = {853005C9-B2D2-40CE-AEF3-D9621E0C2E01}
	EndGlobalSection
EndGlobal
